
Microsoft Visual Studio Solution File, Format Version 12.00
# Visual Studio Version 17
VisualStudioVersion = 17.5.002.0
MinimumVisualStudioVersion = 10.0.40219.1
Project("{9A19103F-16F7-4668-BE54-9A1E7A4F7556}") = "EmailSender.Test", "EmailSender.Test.csproj", "{32543B75-2220-427F-9A6E-2CC483BA31AC}"
EndProject
Global
	GlobalSection(SolutionConfigurationPlatforms) = preSolution
		Debug|Any CPU = Debug|Any CPU
		Release|Any CPU = Release|Any CPU
	EndGlobalSection
	GlobalSection(ProjectConfigurationPlatforms) = postSolution
		{32543B75-2220-427F-9A6E-2CC483BA31AC}.Debug|Any CPU.ActiveCfg = Debug|Any CPU
		{32543B75-2220-427F-9A6E-2CC483BA31AC}.Debug|Any CPU.Build.0 = Debug|Any CPU
		{32543B75-2220-427F-9A6E-2CC483BA31AC}.Release|Any CPU.ActiveCfg = Release|Any CPU
		{32543B75-2220-427F-9A6E-2CC483BA31AC}.Release|Any CPU.Build.0 = Release|Any CPU
	EndGlobalSection
	GlobalSection(SolutionProperties) = preSolution
		HideSolutionNode = FALSE
	EndGlobalSection
	GlobalSection(ExtensibilityGlobals) = postSolution
		SolutionGuid = {41AF1D54-B9D6-4AAE-BC6E-B144EF777CA8}
	EndGlobalSection
EndGlobal
